
Microsoft Visual Studio Solution File, Format Version 12.00
# Visual Studio 15
VisualStudioVersion = 15.0.28307.168
MinimumVisualStudioVersion = 10.0.40219.1
Project("{FAE04EC0-301F-11D3-BF4B-00C04F79EFBC}") = "Stack", "Stack.csproj", "{F408E680-46E3-4F78-AFFA-71B749600610}"
EndProject
Global
	GlobalSection(SolutionConfigurationPlatforms) = preSolution
		Debug|Any CPU = Debug|Any CPU
		Release|Any CPU = Release|Any CPU
	EndGlobalSection
	GlobalSection(ProjectConfigurationPlatforms) = postSolution
		{F408E680-46E3-4F78-AFFA-71B749600610}.Debug|Any CPU.ActiveCfg = Debug|Any CPU
		{F408E680-46E3-4F78-AFFA-71B749600610}.Debug|Any CPU.Build.0 = Debug|Any CPU
		{F408E680-46E3-4F78-AFFA-71B749600610}.Release|Any CPU.ActiveCfg = Release|Any CPU
		{F408E680-46E3-4F78-AFFA-71B749600610}.Release|Any CPU.Build.0 = Release|Any CPU
	EndGlobalSection
	GlobalSection(SolutionProperties) = preSolution
		HideSolutionNode = FALSE
	EndGlobalSection
	GlobalSection(ExtensibilityGlobals) = postSolution
		SolutionGuid = {335E75A8-A2C4-4C48-9354-FEA54B2367B0}
	EndGlobalSection
EndGlobal
